
Microsoft Visual Studio Solution File, Format Version 12.00
# Visual Studio 15
Project("{FAE04EC0-301F-11D3-BF4B-00C04F79EFBC}") = "Assembly-CSharp", "Assembly-CSharp.csproj", "{120389F1-F604-755D-4606-12BEB2156355}"
EndProject
Project("{FAE04EC0-301F-11D3-BF4B-00C04F79EFBC}") = "Assembly-CSharp-Editor", "Assembly-CSharp-Editor.csproj", "{DA8FEE82-E678-EC3C-46ED-7A348F3BCDE3}"
EndProject
Global
	GlobalSection(SolutionConfigurationPlatforms) = preSolution
		Debug|Any CPU = Debug|Any CPU
		Release|Any CPU = Release|Any CPU
	EndGlobalSection
	GlobalSection(ProjectConfigurationPlatforms) = postSolution
		{120389F1-F604-755D-4606-12BEB2156355}.Debug|Any CPU.ActiveCfg = Debug|Any CPU
		{120389F1-F604-755D-4606-12BEB2156355}.Debug|Any CPU.Build.0 = Debug|Any CPU
		{120389F1-F604-755D-4606-12BEB2156355}.Release|Any CPU.ActiveCfg = Release|Any CPU
		{120389F1-F604-755D-4606-12BEB2156355}.Release|Any CPU.Build.0 = Release|Any CPU
		{DA8FEE82-E678-EC3C-46ED-7A348F3BCDE3}.Debug|Any CPU.ActiveCfg = Debug|Any CPU
		{DA8FEE82-E678-EC3C-46ED-7A348F3BCDE3}.Debug|Any CPU.Build.0 = Debug|Any CPU
		{DA8FEE82-E678-EC3C-46ED-7A348F3BCDE3}.Release|Any CPU.ActiveCfg = Release|Any CPU
		{DA8FEE82-E678-EC3C-46ED-7A348F3BCDE3}.Release|Any CPU.Build.0 = Release|Any CPU
	EndGlobalSection
	GlobalSection(SolutionProperties) = preSolution
		HideSolutionNode = FALSE
	EndGlobalSection
EndGlobal
